// !$*UTF8*$!
{
	archiveVersion = 1;
	classes = {
	};
	objectVersion = 46;
	objects = {

/* Begin PBXBuildFile section */
		9C6947901873098F00587CD1 /* Cocoa.framework in Frameworks */ = {isa = PBXBuildFile; fileRef = 9C69478F1873098F00587CD1 /* Cocoa.framework */; };
		9C69479A1873098F00587CD1 /* InfoPlist.strings in Resources */ = {isa = PBXBuildFile; fileRef = 9C6947981873098F00587CD1 /* InfoPlist.strings */; };
		9C69479C1873098F00587CD1 /* main.m in Sources */ = {isa = PBXBuildFile; fileRef = 9C69479B1873098F00587CD1 /* main.m */; };
		9C6947A01873098F00587CD1 /* Credits.rtf in Resources */ = {isa = PBXBuildFile; fileRef = 9C69479E1873098F00587CD1 /* Credits.rtf */; };
		9C6947A31873098F00587CD1 /* AppDelegate.m in Sources */ = {isa = PBXBuildFile; fileRef = 9C6947A21873098F00587CD1 /* AppDelegate.m */; };
		9C6947A61873098F00587CD1 /* MainMenu.xib in Resources */ = {isa = PBXBuildFile; fileRef = 9C6947A41873098F00587CD1 /* MainMenu.xib */; };
		9C6947A81873098F00587CD1 /* Images.xcassets in Resources */ = {isa = PBXBuildFile; fileRef = 9C6947A71873098F00587CD1 /* Images.xcassets */; };
		9C6947AF1873098F00587CD1 /* XCTest.framework in Frameworks */ = {isa = PBXBuildFile; fileRef = 9C6947AE1873098F00587CD1 /* XCTest.framework */; };
		9C6947B01873098F00587CD1 /* Cocoa.framework in Frameworks */ = {isa = PBXBuildFile; fileRef = 9C69478F1873098F00587CD1 /* Cocoa.framework */; };
		9C6947B81873098F00587CD1 /* InfoPlist.strings in Resources */ = {isa = PBXBuildFile; fileRef = 9C6947B61873098F00587CD1 /* InfoPlist.strings */; };
		9C6947BA1873098F00587CD1 /* TrackMixTests.m in Sources */ = {isa = PBXBuildFile; fileRef = 9C6947B91873098F00587CD1 /* TrackMixTests.m */; };
		9CB5D468187C5CEA006E8AB7 /* Track.m in Sources */ = {isa = PBXBuildFile; fileRef = 9CB5D467187C5CEA006E8AB7 /* Track.m */; };
/* End PBXBuildFile section */

/* Begin PBXContainerItemProxy section */
		9C6947B11873098F00587CD1 /* PBXContainerItemProxy */ = {
			isa = PBXContainerItemProxy;
			containerPortal = 9C6947841873098F00587CD1 /* Project object */;
			proxyType = 1;
			remoteGlobalIDString = 9C69478B1873098F00587CD1;
			remoteInfo = TrackMix;
		};
/* End PBXContainerItemProxy section */

/* Begin PBXFileReference section */
		9C69478C1873098F00587CD1 /* TrackMix.app */ = {isa = PBXFileReference; explicitFileType = wrapper.application; includeInIndex = 0; path = TrackMix.app; sourceTree = BUILT_PRODUCTS_DIR; };
		9C69478F1873098F00587CD1 /* Cocoa.framework */ = {isa = PBXFileReference; lastKnownFileType = wrapper.framework; name = Cocoa.framework; path = System/Library/Frameworks/Cocoa.framework; sourceTree = SDKROOT; };
		9C6947921873098F00587CD1 /* AppKit.framework */ = {isa = PBXFileReference; lastKnownFileType = wrapper.framework; name = AppKit.framework; path = System/Library/Frameworks/AppKit.framework; sourceTree = SDKROOT; };
		9C6947931873098F00587CD1 /* CoreData.framework */ = {isa = PBXFileReference; lastKnownFileType = wrapper.framework; name = CoreData.framework; path = System/Library/Frameworks/CoreData.framework; sourceTree = SDKROOT; };
		9C6947941873098F00587CD1 /* Foundation.framework */ = {isa = PBXFileReference; lastKnownFileType = wrapper.framework; name = Foundation.framework; path = System/Library/Frameworks/Foundation.framework; sourceTree = SDKROOT; };
		9C6947971873098F00587CD1 /* TrackMix-Info.plist */ = {isa = PBXFileReference; lastKnownFileType = text.plist.xml; path = "TrackMix-Info.plist"; sourceTree = "<group>"; };
		9C6947991873098F00587CD1 /* en */ = {isa = PBXFileReference; lastKnownFileType = text.plist.strings; name = en; path = en.lproj/InfoPlist.strings; sourceTree = "<group>"; };
		9C69479B1873098F00587CD1 /* main.m */ = {isa = PBXFileReference; lastKnownFileType = sourcecode.c.objc; path = main.m; sourceTree = "<group>"; };
		9C69479D1873098F00587CD1 /* TrackMix-Prefix.pch */ = {isa = PBXFileReference; lastKnownFileType = sourcecode.c.h; path = "TrackMix-Prefix.pch"; sourceTree = "<group>"; };
		9C69479F1873098F00587CD1 /* en */ = {isa = PBXFileReference; lastKnownFileType = text.rtf; name = en; path = en.lproj/Credits.rtf; sourceTree = "<group>"; };
		9C6947A11873098F00587CD1 /* AppDelegate.h */ = {isa = PBXFileReference; lastKnownFileType = sourcecode.c.h; path = AppDelegate.h; sourceTree = "<group>"; };
		9C6947A21873098F00587CD1 /* AppDelegate.m */ = {isa = PBXFileReference; lastKnownFileType = sourcecode.c.objc; path = AppDelegate.m; sourceTree = "<group>"; };
		9C6947A51873098F00587CD1 /* Base */ = {isa = PBXFileReference; lastKnownFileType = file.xib; name = Base; path = Base.lproj/MainMenu.xib; sourceTree = "<group>"; };
		9C6947A71873098F00587CD1 /* Images.xcassets */ = {isa = PBXFileReference; lastKnownFileType = folder.assetcatalog; path = Images.xcassets; sourceTree = "<group>"; };
		9C6947AD1873098F00587CD1 /* TrackMixTests.xctest */ = {isa = PBXFileReference; explicitFileType = wrapper.cfbundle; includeInIndex = 0; path = TrackMixTests.xctest; sourceTree = BUILT_PRODUCTS_DIR; };
		9C6947AE1873098F00587CD1 /* XCTest.framework */ = {isa = PBXFileReference; lastKnownFileType = wrapper.framework; name = XCTest.framework; path = Library/Frameworks/XCTest.framework; sourceTree = DEVELOPER_DIR; };
		9C6947B51873098F00587CD1 /* TrackMixTests-Info.plist */ = {isa = PBXFileReference; lastKnownFileType = text.plist.xml; path = "TrackMixTests-Info.plist"; sourceTree = "<group>"; };
		9C6947B71873098F00587CD1 /* en */ = {isa = PBXFileReference; lastKnownFileType = text.plist.strings; name = en; path = en.lproj/InfoPlist.strings; sourceTree = "<group>"; };
		9C6947B91873098F00587CD1 /* TrackMixTests.m */ = {isa = PBXFileReference; lastKnownFileType = sourcecode.c.objc; path = TrackMixTests.m; sourceTree = "<group>"; };
		9CB5D466187C5CEA006E8AB7 /* Track.h */ = {isa = PBXFileReference; fileEncoding = 4; lastKnownFileType = sourcecode.c.h; path = Track.h; sourceTree = "<group>"; };
		9CB5D467187C5CEA006E8AB7 /* Track.m */ = {isa = PBXFileReference; fileEncoding = 4; lastKnownFileType = sourcecode.c.objc; path = Track.m; sourceTree = "<group>"; };
/* End PBXFileReference section */

/* Begin PBXFrameworksBuildPhase section */
		9C6947891873098F00587CD1 /* Frameworks */ = {
			isa = PBXFrameworksBuildPhase;
			buildActionMask = 2147483647;
			files = (
				9C6947901873098F00587CD1 /* Cocoa.framework in Frameworks */,
			);
			runOnlyForDeploymentPostprocessing = 0;
		};
		9C6947AA1873098F00587CD1 /* Frameworks */ = {
			isa = PBXFrameworksBuildPhase;
			buildActionMask = 2147483647;
			files = (
				9C6947B01873098F00587CD1 /* Cocoa.framework in Frameworks */,
				9C6947AF1873098F00587CD1 /* XCTest.framework in Frameworks */,
			);
			runOnlyForDeploymentPostprocessing = 0;
		};
/* End PBXFrameworksBuildPhase section */

/* Begin PBXGroup section */
		9C6947831873098F00587CD1 = {
			isa = PBXGroup;
			children = (
				9C6947951873098F00587CD1 /* TrackMix */,
				9C6947B31873098F00587CD1 /* TrackMixTests */,
				9C69478E1873098F00587CD1 /* Frameworks */,
				9C69478D1873098F00587CD1 /* Products */,
			);
			sourceTree = "<group>";
		};
		9C69478D1873098F00587CD1 /* Products */ = {
			isa = PBXGroup;
			children = (
				9C69478C1873098F00587CD1 /* TrackMix.app */,
				9C6947AD1873098F00587CD1 /* TrackMixTests.xctest */,
			);
			name = Products;
			sourceTree = "<group>";
		};
		9C69478E1873098F00587CD1 /* Frameworks */ = {
			isa = PBXGroup;
			children = (
				9C69478F1873098F00587CD1 /* Cocoa.framework */,
				9C6947AE1873098F00587CD1 /* XCTest.framework */,
				9C6947911873098F00587CD1 /* Other Frameworks */,
			);
			name = Frameworks;
			sourceTree = "<group>";
		};
		9C6947911873098F00587CD1 /* Other Frameworks */ = {
			isa = PBXGroup;
			children = (
				9C6947921873098F00587CD1 /* AppKit.framework */,
				9C6947931873098F00587CD1 /* CoreData.framework */,
				9C6947941873098F00587CD1 /* Foundation.framework */,
			);
			name = "Other Frameworks";
			sourceTree = "<group>";
		};
		9C6947951873098F00587CD1 /* TrackMix */ = {
			isa = PBXGroup;
			children = (
				9C6947A11873098F00587CD1 /* AppDelegate.h */,
				9C6947A21873098F00587CD1 /* AppDelegate.m */,
				9C6947A41873098F00587CD1 /* MainMenu.xib */,
				9C6947A71873098F00587CD1 /* Images.xcassets */,
				9C6947961873098F00587CD1 /* Supporting Files */,
				9CB5D466187C5CEA006E8AB7 /* Track.h */,
				9CB5D467187C5CEA006E8AB7 /* Track.m */,
			);
			path = TrackMix;
			sourceTree = "<group>";
		};
		9C6947961873098F00587CD1 /* Supporting Files */ = {
			isa = PBXGroup;
			children = (
				9C6947971873098F00587CD1 /* TrackMix-Info.plist */,
				9C6947981873098F00587CD1 /* InfoPlist.strings */,
				9C69479B1873098F00587CD1 /* main.m */,
				9C69479D1873098F00587CD1 /* TrackMix-Prefix.pch */,
				9C69479E1873098F00587CD1 /* Credits.rtf */,
			);
			name = "Supporting Files";
			sourceTree = "<group>";
		};
		9C6947B31873098F00587CD1 /* TrackMixTests */ = {
			isa = PBXGroup;
			children = (
				9C6947B91873098F00587CD1 /* TrackMixTests.m */,
				9C6947B41873098F00587CD1 /* Supporting Files */,
			);
			path = TrackMixTests;
			sourceTree = "<group>";
		};
		9C6947B41873098F00587CD1 /* Supporting Files */ = {
			isa = PBXGroup;
			children = (
				9C6947B51873098F00587CD1 /* TrackMixTests-Info.plist */,
				9C6947B61873098F00587CD1 /* InfoPlist.strings */,
			);
			name = "Supporting Files";
			sourceTree = "<group>";
		};
/* End PBXGroup section */

/* Begin PBXNativeTarget section */
		9C69478B1873098F00587CD1 /* TrackMix */ = {
			isa = PBXNativeTarget;
			buildConfigurationList = 9C6947BD1873098F00587CD1 /* Build configuration list for PBXNativeTarget "TrackMix" */;
			buildPhases = (
				9C6947881873098F00587CD1 /* Sources */,
				9C6947891873098F00587CD1 /* Frameworks */,
				9C69478A1873098F00587CD1 /* Resources */,
			);
			buildRules = (
			);
			dependencies = (
			);
			name = TrackMix;
			productName = TrackMix;
			productReference = 9C69478C1873098F00587CD1 /* TrackMix.app */;
			productType = "com.apple.product-type.application";
		};
		9C6947AC1873098F00587CD1 /* TrackMixTests */ = {
			isa = PBXNativeTarget;
			buildConfigurationList = 9C6947C01873098F00587CD1 /* Build configuration list for PBXNativeTarget "TrackMixTests" */;
			buildPhases = (
				9C6947A91873098F00587CD1 /* Sources */,
				9C6947AA1873098F00587CD1 /* Frameworks */,
				9C6947AB1873098F00587CD1 /* Resources */,
			);
			buildRules = (
			);
			dependencies = (
				9C6947B21873098F00587CD1 /* PBXTargetDependency */,
			);
			name = TrackMixTests;
			productName = TrackMixTests;
			productReference = 9C6947AD1873098F00587CD1 /* TrackMixTests.xctest */;
			productType = "com.apple.product-type.bundle.unit-test";
		};
/* End PBXNativeTarget section */

/* Begin PBXProject section */
		9C6947841873098F00587CD1 /* Project object */ = {
			isa = PBXProject;
			attributes = {
				LastUpgradeCheck = 0500;
				ORGANIZATIONNAME = Ripoto;
				TargetAttributes = {
					9C6947AC1873098F00587CD1 = {
						TestTargetID = 9C69478B1873098F00587CD1;
					};
				};
			};
			buildConfigurationList = 9C6947871873098F00587CD1 /* Build configuration list for PBXProject "TrackMix" */;
			compatibilityVersion = "Xcode 3.2";
			developmentRegion = English;
			hasScannedForEncodings = 0;
			knownRegions = (
				en,
				Base,
			);
			mainGroup = 9C6947831873098F00587CD1;
			productRefGroup = 9C69478D1873098F00587CD1 /* Products */;
			projectDirPath = "";
			projectRoot = "";
			targets = (
				9C69478B1873098F00587CD1 /* TrackMix */,
				9C6947AC1873098F00587CD1 /* TrackMixTests */,
			);
		};
/* End PBXProject section */

/* Begin PBXResourcesBuildPhase section */
		9C69478A1873098F00587CD1 /* Resources */ = {
			isa = PBXResourcesBuildPhase;
			buildActionMask = 2147483647;
			files = (
				9C69479A1873098F00587CD1 /* InfoPlist.strings in Resources */,
				9C6947A81873098F00587CD1 /* Images.xcassets in Resources */,
				9C6947A01873098F00587CD1 /* Credits.rtf in Resources */,
				9C6947A61873098F00587CD1 /* MainMenu.xib in Resources */,
			);
			runOnlyForDeploymentPostprocessing = 0;
		};
		9C6947AB1873098F00587CD1 /* Resources */ = {
			isa = PBXResourcesBuildPhase;
			buildActionMask = 2147483647;
			files = (
				9C6947B81873098F00587CD1 /* InfoPlist.strings in Resources */,
			);
			runOnlyForDeploymentPostprocessing = 0;
		};
/* End PBXResourcesBuildPhase section */

/* Begin PBXSourcesBuildPhase section */
		9C6947881873098F00587CD1 /* Sources */ = {
			isa = PBXSourcesBuildPhase;
			buildActionMask = 2147483647;
			files = (
				9CB5D468187C5CEA006E8AB7 /* Track.m in Sources */,
				9C6947A31873098F00587CD1 /* AppDelegate.m in Sources */,
				9C69479C1873098F00587CD1 /* main.m in Sources */,
			);
			runOnlyForDeploymentPostprocessing = 0;
		};
		9C6947A91873098F00587CD1 /* Sources */ = {
			isa = PBXSourcesBuildPhase;
			buildActionMask = 2147483647;
			files = (
				9C6947BA1873098F00587CD1 /* TrackMixTests.m in Sources */,
			);
			runOnlyForDeploymentPostprocessing = 0;
		};
/* End PBXSourcesBuildPhase section */

/* Begin PBXTargetDependency section */
		9C6947B21873098F00587CD1 /* PBXTargetDependency */ = {
			isa = PBXTargetDependency;
			target = 9C69478B1873098F00587CD1 /* TrackMix */;
			targetProxy = 9C6947B11873098F00587CD1 /* PBXContainerItemProxy */;
		};
/* End PBXTargetDependency section */

/* Begin PBXVariantGroup section */
		9C6947981873098F00587CD1 /* InfoPlist.strings */ = {
			isa = PBXVariantGroup;
			children = (
				9C6947991873098F00587CD1 /* en */,
			);
			name = InfoPlist.strings;
			sourceTree = "<group>";
		};
		9C69479E1873098F00587CD1 /* Credits.rtf */ = {
			isa = PBXVariantGroup;
			children = (
				9C69479F1873098F00587CD1 /* en */,
			);
			name = Credits.rtf;
			sourceTree = "<group>";
		};
		9C6947A41873098F00587CD1 /* MainMenu.xib */ = {
			isa = PBXVariantGroup;
			children = (
				9C6947A51873098F00587CD1 /* Base */,
			);
			name = MainMenu.xib;
			sourceTree = "<group>";
		};
		9C6947B61873098F00587CD1 /* InfoPlist.strings */ = {
			isa = PBXVariantGroup;
			children = (
				9C6947B71873098F00587CD1 /* en */,
			);
			name = InfoPlist.strings;
			sourceTree = "<group>";
		};
/* End PBXVariantGroup section */

/* Begin XCBuildConfiguration section */
		9C6947BB1873098F00587CD1 /* Debug */ = {
			isa = XCBuildConfiguration;
			buildSettings = {
				ALWAYS_SEARCH_USER_PATHS = NO;
				CLANG_CXX_LANGUAGE_STANDARD = "gnu++0x";
				CLANG_CXX_LIBRARY = "libc++";
				CLANG_ENABLE_OBJC_ARC = YES;
				CLANG_WARN_BOOL_CONVERSION = YES;
				CLANG_WARN_CONSTANT_CONVERSION = YES;
				CLANG_WARN_DIRECT_OBJC_ISA_USAGE = YES_ERROR;
				CLANG_WARN_EMPTY_BODY = YES;
				CLANG_WARN_ENUM_CONVERSION = YES;
				CLANG_WARN_INT_CONVERSION = YES;
				CLANG_WARN_OBJC_ROOT_CLASS = YES_ERROR;
				CLANG_WARN__DUPLICATE_METHOD_MATCH = YES;
				COPY_PHASE_STRIP = NO;
				GCC_C_LANGUAGE_STANDARD = gnu99;
				GCC_DYNAMIC_NO_PIC = NO;
				GCC_ENABLE_OBJC_EXCEPTIONS = YES;
				GCC_OPTIMIZATION_LEVEL = 0;
				GCC_PREPROCESSOR_DEFINITIONS = (
					"DEBUG=1",
					"$(inherited)",
				);
				GCC_SYMBOLS_PRIVATE_EXTERN = NO;
				GCC_WARN_64_TO_32_BIT_CONVERSION = YES;
				GCC_WARN_ABOUT_RETURN_TYPE = YES_ERROR;
				GCC_WARN_UNDECLARED_SELECTOR = YES;
				GCC_WARN_UNINITIALIZED_AUTOS = YES;
				GCC_WARN_UNUSED_FUNCTION = YES;
				GCC_WARN_UNUSED_VARIABLE = YES;
				MACOSX_DEPLOYMENT_TARGET = 10.9;
				ONLY_ACTIVE_ARCH = YES;
				SDKROOT = macosx;
			};
			name = Debug;
		};
		9C6947BC1873098F00587CD1 /* Release */ = {
			isa = XCBuildConfiguration;
			buildSettings = {
				ALWAYS_SEARCH_USER_PATHS = NO;
				CLANG_CXX_LANGUAGE_STANDARD = "gnu++0x";
				CLANG_CXX_LIBRARY = "libc++";
				CLANG_ENABLE_OBJC_ARC = YES;
				CLANG_WARN_BOOL_CONVERSION = YES;
				CLANG_WARN_CONSTANT_CONVERSION = YES;
				CLANG_WARN_DIRECT_OBJC_ISA_USAGE = YES_ERROR;
				CLANG_WARN_EMPTY_BODY = YES;
				CLANG_WARN_ENUM_CONVERSION = YES;
				CLANG_WARN_INT_CONVERSION = YES;
				CLANG_WARN_OBJC_ROOT_CLASS = YES_ERROR;
				CLANG_WARN__DUPLICATE_METHOD_MATCH = YES;
				COPY_PHASE_STRIP = YES;
				DEBUG_INFORMATION_FORMAT = "dwarf-with-dsym";
				ENABLE_NS_ASSERTIONS = NO;
				GCC_C_LANGUAGE_STANDARD = gnu99;
				GCC_ENABLE_OBJC_EXCEPTIONS = YES;
				GCC_WARN_64_TO_32_BIT_CONVERSION = YES;
				GCC_WARN_ABOUT_RETURN_TYPE = YES_ERROR;
				GCC_WARN_UNDECLARED_SELECTOR = YES;
				GCC_WARN_UNINITIALIZED_AUTOS = YES;
				GCC_WARN_UNUSED_FUNCTION = YES;
				GCC_WARN_UNUSED_VARIABLE = YES;
				MACOSX_DEPLOYMENT_TARGET = 10.9;
				SDKROOT = macosx;
			};
			name = Release;
		};
		9C6947BE1873098F00587CD1 /* Debug */ = {
			isa = XCBuildConfiguration;
			buildSettings = {
				ASSETCATALOG_COMPILER_APPICON_NAME = AppIcon;
				COMBINE_HIDPI_IMAGES = YES;
				GCC_PRECOMPILE_PREFIX_HEADER = YES;
				GCC_PREFIX_HEADER = "TrackMix/TrackMix-Prefix.pch";
				INFOPLIST_FILE = "TrackMix/TrackMix-Info.plist";
				PRODUCT_NAME = "$(TARGET_NAME)";
				WRAPPER_EXTENSION = app;
			};
			name = Debug;
		};
		9C6947BF1873098F00587CD1 /* Release */ = {
			isa = XCBuildConfiguration;
			buildSettings = {
				ASSETCATALOG_COMPILER_APPICON_NAME = AppIcon;
				COMBINE_HIDPI_IMAGES = YES;
				GCC_PRECOMPILE_PREFIX_HEADER = YES;
				GCC_PREFIX_HEADER = "TrackMix/TrackMix-Prefix.pch";
				INFOPLIST_FILE = "TrackMix/TrackMix-Info.plist";
				PRODUCT_NAME = "$(TARGET_NAME)";
				WRAPPER_EXTENSION = app;
			};
			name = Release;
		};
		9C6947C11873098F00587CD1 /* Debug */ = {
			isa = XCBuildConfiguration;
			buildSettings = {
				BUNDLE_LOADER = "$(BUILT_PRODUCTS_DIR)/TrackMix.app/Contents/MacOS/TrackMix";
				COMBINE_HIDPI_IMAGES = YES;
				FRAMEWORK_SEARCH_PATHS = (
					"$(DEVELOPER_FRAMEWORKS_DIR)",
					"$(inherited)",
				);
				GCC_PRECOMPILE_PREFIX_HEADER = YES;
				GCC_PREFIX_HEADER = "TrackMix/TrackMix-Prefix.pch";
				GCC_PREPROCESSOR_DEFINITIONS = (
					"DEBUG=1",
					"$(inherited)",
				);
				INFOPLIST_FILE = "TrackMixTests/TrackMixTests-Info.plist";
				PRODUCT_NAME = "$(TARGET_NAME)";
				TEST_HOST = "$(BUNDLE_LOADER)";
				WRAPPER_EXTENSION = xctest;
			};
			name = Debug;
		};
		9C6947C21873098F00587CD1 /* Release */ = {
			isa = XCBuildConfiguration;
			buildSettings = {
				BUNDLE_LOADER = "$(BUILT_PRODUCTS_DIR)/TrackMix.app/Contents/MacOS/TrackMix";
				COMBINE_HIDPI_IMAGES = YES;
				FRAMEWORK_SEARCH_PATHS = (
					"$(DEVELOPER_FRAMEWORKS_DIR)",
					"$(inherited)",
				);
				GCC_PRECOMPILE_PREFIX_HEADER = YES;
				GCC_PREFIX_HEADER = "TrackMix/TrackMix-Prefix.pch";
				INFOPLIST_FILE = "TrackMixTests/TrackMixTests-Info.plist";
				PRODUCT_NAME = "$(TARGET_NAME)";
				TEST_HOST = "$(BUNDLE_LOADER)";
				WRAPPER_EXTENSION = xctest;
			};
			name = Release;
		};
/* End XCBuildConfiguration section */

/* Begin XCConfigurationList section */
		9C6947871873098F00587CD1 /* Build configuration list for PBXProject "TrackMix" */ = {
			isa = XCConfigurationList;
			buildConfigurations = (
				9C6947BB1873098F00587CD1 /* Debug */,
				9C6947BC1873098F00587CD1 /* Release */,
			);
			defaultConfigurationIsVisible = 0;
			defaultConfigurationName = Release;
		};
		9C6947BD1873098F00587CD1 /* Build configuration list for PBXNativeTarget "TrackMix" */ = {
			isa = XCConfigurationList;
			buildConfigurations = (
				9C6947BE1873098F00587CD1 /* Debug */,
				9C6947BF1873098F00587CD1 /* Release */,
			);
			defaultConfigurationIsVisible = 0;
			defaultConfigurationName = Release;
		};
		9C6947C01873098F00587CD1 /* Build configuration list for PBXNativeTarget "TrackMixTests" */ = {
			isa = XCConfigurationList;
			buildConfigurations = (
				9C6947C11873098F00587CD1 /* Debug */,
				9C6947C21873098F00587CD1 /* Release */,
			);
			defaultConfigurationIsVisible = 0;
			defaultConfigurationName = Release;
		};
/* End XCConfigurationList section */
	};
	rootObject = 9C6947841873098F00587CD1 /* Project object */;
}
